PODS:
  - Alamofire (4.6.0)
  - AlamofireImage (3.3.0):
    - Alamofire (~> 4.5)

DEPENDENCIES:
  - AlamofireImage (~> 3.3)

SPEC REPOS:
  https://github.com/cocoapods/specs.git:
    - Alamofire
    - AlamofireImage

SPEC CHECKSUMS:
  Alamofire: f41a599bd63041760b26d393ec1069d9d7b917f4
  AlamofireImage: 2e784dc5d00f04903a52c1d169181469c805c3df

PODFILE CHECKSUM: ae81d71cb65a4ed92c84c33aca9428b192a4760a

COCOAPODS: 1.5.3
